// !$*UTF8*$!
{
	archiveVersion = 1;
	classes = {
	};
	objectVersion = 56;
	objects = {

/* Begin PBXBuildFile section */
		EE8C2A0C2B0D787100B4EF65 /* Translate_SwiftUIApp.swift in Sources */ = {isa = PBXBuildFile; fileRef = EE8C2A0B2B0D787100B4EF65 /* Translate_SwiftUIApp.swift */; };
		EE8C2A0E2B0D787100B4EF65 /* Persistence.swift in Sources */ = {isa = PBXBuildFile; fileRef = EE8C2A0D2B0D787100B4EF65 /* Persistence.swift */; };
		EE8C2A112B0D787100B4EF65 /* Translate_SwiftUI.xcdatamodeld in Sources */ = {isa = PBXBuildFile; fileRef = EE8C2A0F2B0D787100B4EF65 /* Translate_SwiftUI.xcdatamodeld */; };
		EE8C2A132B0D787100B4EF65 /* ContentView.swift in Sources */ = {isa = PBXBuildFile; fileRef = EE8C2A122B0D787100B4EF65 /* ContentView.swift */; };
		EE8C2A152B0D787400B4EF65 /* Assets.xcassets in Resources */ = {isa = PBXBuildFile; fileRef = EE8C2A142B0D787400B4EF65 /* Assets.xcassets */; };
		EE8C2A192B0D787400B4EF65 /* Preview Assets.xcassets in Resources */ = {isa = PBXBuildFile; fileRef = EE8C2A182B0D787400B4EF65 /* Preview Assets.xcassets */; };
		EE8C2A232B0D787400B4EF65 /* Translate_SwiftUITests.swift in Sources */ = {isa = PBXBuildFile; fileRef = EE8C2A222B0D787400B4EF65 /* Translate_SwiftUITests.swift */; };
		EE8C2A2D2B0D787500B4EF65 /* Translate_SwiftUIUITests.swift in Sources */ = {isa = PBXBuildFile; fileRef = EE8C2A2C2B0D787500B4EF65 /* Translate_SwiftUIUITests.swift */; };
		EE8C2A2F2B0D787500B4EF65 /* Translate_SwiftUIUITestsLaunchTests.swift in Sources */ = {isa = PBXBuildFile; fileRef = EE8C2A2E2B0D787500B4EF65 /* Translate_SwiftUIUITestsLaunchTests.swift */; };
		EE8C2A3F2B0DA6B900B4EF65 /* SavedView.swift in Sources */ = {isa = PBXBuildFile; fileRef = EE8C2A3E2B0DA6B900B4EF65 /* SavedView.swift */; };
		EE8C2A412B0EA99800B4EF65 /* LanguageListView.swift in Sources */ = {isa = PBXBuildFile; fileRef = EE8C2A402B0EA99800B4EF65 /* LanguageListView.swift */; };
		EE8C2A432B0EADC300B4EF65 /* ViewModel.swift in Sources */ = {isa = PBXBuildFile; fileRef = EE8C2A422B0EADC300B4EF65 /* ViewModel.swift */; };
		EE8C2A452B0EAE2100B4EF65 /* Model.swift in Sources */ = {isa = PBXBuildFile; fileRef = EE8C2A442B0EAE2100B4EF65 /* Model.swift */; };
		EE8C2A472B0EB01300B4EF65 /* key.swift in Sources */ = {isa = PBXBuildFile; fileRef = EE8C2A462B0EB01300B4EF65 /* key.swift */; };
/* End PBXBuildFile section */

/* Begin PBXContainerItemProxy section */
		EE8C2A1F2B0D787400B4EF65 /* PBXContainerItemProxy */ = {
			isa = PBXContainerItemProxy;
			containerPortal = EE8C2A002B0D787100B4EF65 /* Project object */;
			proxyType = 1;
			remoteGlobalIDString = EE8C2A072B0D787100B4EF65;
			remoteInfo = "Translate-SwiftUI";
		};
		EE8C2A292B0D787500B4EF65 /* PBXContainerItemProxy */ = {
			isa = PBXContainerItemProxy;
			containerPortal = EE8C2A002B0D787100B4EF65 /* Project object */;
			proxyType = 1;
			remoteGlobalIDString = EE8C2A072B0D787100B4EF65;
			remoteInfo = "Translate-SwiftUI";
		};
/* End PBXContainerItemProxy section */

/* Begin PBXFileReference section */
		EE8C2A082B0D787100B4EF65 /* Translate-SwiftUI.app */ = {isa = PBXFileReference; explicitFileType = wrapper.application; includeInIndex = 0; path = "Translate-SwiftUI.app"; sourceTree = BUILT_PRODUCTS_DIR; };
		EE8C2A0B2B0D787100B4EF65 /* Translate_SwiftUIApp.swift */ = {isa = PBXFileReference; lastKnownFileType = sourcecode.swift; path = Translate_SwiftUIApp.swift; sourceTree = "<group>"; };
		EE8C2A0D2B0D787100B4EF65 /* Persistence.swift */ = {isa = PBXFileReference; lastKnownFileType = sourcecode.swift; path = Persistence.swift; sourceTree = "<group>"; };
		EE8C2A102B0D787100B4EF65 /* Translate_SwiftUI.xcdatamodel */ = {isa = PBXFileReference; lastKnownFileType = wrapper.xcdatamodel; path = Translate_SwiftUI.xcdatamodel; sourceTree = "<group>"; };
		EE8C2A122B0D787100B4EF65 /* ContentView.swift */ = {isa = PBXFileReference; lastKnownFileType = sourcecode.swift; path = ContentView.swift; sourceTree = "<group>"; };
		EE8C2A142B0D787400B4EF65 /* Assets.xcassets */ = {isa = PBXFileReference; lastKnownFileType = folder.assetcatalog; path = Assets.xcassets; sourceTree = "<group>"; };
		EE8C2A162B0D787400B4EF65 /* Translate_SwiftUI.entitlements */ = {isa = PBXFileReference; lastKnownFileType = text.plist.entitlements; path = Translate_SwiftUI.entitlements; sourceTree = "<group>"; };
		EE8C2A182B0D787400B4EF65 /* Preview Assets.xcassets */ = {isa = PBXFileReference; lastKnownFileType = folder.assetcatalog; path = "Preview Assets.xcassets"; sourceTree = "<group>"; };
		EE8C2A1E2B0D787400B4EF65 /* Translate-SwiftUITests.xctest */ = {isa = PBXFileReference; explicitFileType = wrapper.cfbundle; includeInIndex = 0; path = "Translate-SwiftUITests.xctest"; sourceTree = BUILT_PRODUCTS_DIR; };
		EE8C2A222B0D787400B4EF65 /* Translate_SwiftUITests.swift */ = {isa = PBXFileReference; lastKnownFileType = sourcecode.swift; path = Translate_SwiftUITests.swift; sourceTree = "<group>"; };
		EE8C2A282B0D787400B4EF65 /* Translate-SwiftUIUITests.xctest */ = {isa = PBXFileReference; explicitFileType = wrapper.cfbundle; includeInIndex = 0; path = "Translate-SwiftUIUITests.xctest"; sourceTree = BUILT_PRODUCTS_DIR; };
		EE8C2A2C2B0D787500B4EF65 /* Translate_SwiftUIUITests.swift */ = {isa = PBXFileReference; lastKnownFileType = sourcecode.swift; path = Translate_SwiftUIUITests.swift; sourceTree = "<group>"; };
		EE8C2A2E2B0D787500B4EF65 /* Translate_SwiftUIUITestsLaunchTests.swift */ = {isa = PBXFileReference; lastKnownFileType = sourcecode.swift; path = Translate_SwiftUIUITestsLaunchTests.swift; sourceTree = "<group>"; };
		EE8C2A3E2B0DA6B900B4EF65 /* SavedView.swift */ = {isa = PBXFileReference; lastKnownFileType = sourcecode.swift; path = SavedView.swift; sourceTree = "<group>"; };
		EE8C2A402B0EA99800B4EF65 /* LanguageListView.swift */ = {isa = PBXFileReference; lastKnownFileType = sourcecode.swift; path = LanguageListView.swift; sourceTree = "<group>"; };
		EE8C2A422B0EADC300B4EF65 /* ViewModel.swift */ = {isa = PBXFileReference; lastKnownFileType = sourcecode.swift; path = ViewModel.swift; sourceTree = "<group>"; };
		EE8C2A442B0EAE2100B4EF65 /* Model.swift */ = {isa = PBXFileReference; lastKnownFileType = sourcecode.swift; path = Model.swift; sourceTree = "<group>"; };
		EE8C2A462B0EB01300B4EF65 /* key.swift */ = {isa = PBXFileReference; lastKnownFileType = sourcecode.swift; path = key.swift; sourceTree = "<group>"; };
/* End PBXFileReference section */

/* Begin PBXFrameworksBuildPhase section */
		EE8C2A052B0D787100B4EF65 /* Frameworks */ = {
			isa = PBXFrameworksBuildPhase;
			buildActionMask = 2147483647;
			files = (
			);
			runOnlyForDeploymentPostprocessing = 0;
		};
		EE8C2A1B2B0D787400B4EF65 /* Frameworks */ = {
			isa = PBXFrameworksBuildPhase;
			buildActionMask = 2147483647;
			files = (
			);
			runOnlyForDeploymentPostprocessing = 0;
		};
		EE8C2A252B0D787400B4EF65 /* Frameworks */ = {
			isa = PBXFrameworksBuildPhase;
			buildActionMask = 2147483647;
			files = (
			);
			runOnlyForDeploymentPostprocessing = 0;
		};
/* End PBXFrameworksBuildPhase section */

/* Begin PBXGroup section */
		EE8C29FF2B0D787100B4EF65 = {
			isa = PBXGroup;
			children = (
				EE8C2A0A2B0D787100B4EF65 /* Translate-SwiftUI */,
				EE8C2A212B0D787400B4EF65 /* Translate-SwiftUITests */,
				EE8C2A2B2B0D787500B4EF65 /* Translate-SwiftUIUITests */,
				EE8C2A092B0D787100B4EF65 /* Products */,
			);
			sourceTree = "<group>";
		};
		EE8C2A092B0D787100B4EF65 /* Products */ = {
			isa = PBXGroup;
			children = (
				EE8C2A082B0D787100B4EF65 /* Translate-SwiftUI.app */,
				EE8C2A1E2B0D787400B4EF65 /* Translate-SwiftUITests.xctest */,
				EE8C2A282B0D787400B4EF65 /* Translate-SwiftUIUITests.xctest */,
			);
			name = Products;
			sourceTree = "<group>";
		};
		EE8C2A0A2B0D787100B4EF65 /* Translate-SwiftUI */ = {
			isa = PBXGroup;
			children = (
				EE8C2A0B2B0D787100B4EF65 /* Translate_SwiftUIApp.swift */,
				EE8C2A0D2B0D787100B4EF65 /* Persistence.swift */,
				EE8C2A3C2B0D8FF700B4EF65 /* Models */,
				EE8C2A3D2B0D900A00B4EF65 /* ViewModels */,
				EE8C2A3B2B0D8FE700B4EF65 /* Views */,
				EE8C2A142B0D787400B4EF65 /* Assets.xcassets */,
				EE8C2A162B0D787400B4EF65 /* Translate_SwiftUI.entitlements */,
				EE8C2A0F2B0D787100B4EF65 /* Translate_SwiftUI.xcdatamodeld */,
				EE8C2A172B0D787400B4EF65 /* Preview Content */,
				EE8C2A462B0EB01300B4EF65 /* key.swift */,
			);
			path = "Translate-SwiftUI";
			sourceTree = "<group>";
		};
		EE8C2A172B0D787400B4EF65 /* Preview Content */ = {
			isa = PBXGroup;
			children = (
				EE8C2A182B0D787400B4EF65 /* Preview Assets.xcassets */,
			);
			path = "Preview Content";
			sourceTree = "<group>";
		};
		EE8C2A212B0D787400B4EF65 /* Translate-SwiftUITests */ = {
			isa = PBXGroup;
			children = (
				EE8C2A222B0D787400B4EF65 /* Translate_SwiftUITests.swift */,
			);
			path = "Translate-SwiftUITests";
			sourceTree = "<group>";
		};
		EE8C2A2B2B0D787500B4EF65 /* Translate-SwiftUIUITests */ = {
			isa = PBXGroup;
			children = (
				EE8C2A2C2B0D787500B4EF65 /* Translate_SwiftUIUITests.swift */,
				EE8C2A2E2B0D787500B4EF65 /* Translate_SwiftUIUITestsLaunchTests.swift */,
			);
			path = "Translate-SwiftUIUITests";
			sourceTree = "<group>";
		};
		EE8C2A3B2B0D8FE700B4EF65 /* Views */ = {
			isa = PBXGroup;
			children = (
				EE8C2A122B0D787100B4EF65 /* ContentView.swift */,
				EE8C2A3E2B0DA6B900B4EF65 /* SavedView.swift */,
				EE8C2A402B0EA99800B4EF65 /* LanguageListView.swift */,
			);
			path = Views;
			sourceTree = "<group>";
		};
		EE8C2A3C2B0D8FF700B4EF65 /* Models */ = {
			isa = PBXGroup;
			children = (
				EE8C2A442B0EAE2100B4EF65 /* Model.swift */,
			);
			path = Models;
			sourceTree = "<group>";
		};
		EE8C2A3D2B0D900A00B4EF65 /* ViewModels */ = {
			isa = PBXGroup;
			children = (
				EE8C2A422B0EADC300B4EF65 /* ViewModel.swift */,
			);
			path = ViewModels;
			sourceTree = "<group>";
		};
/* End PBXGroup section */

/* Begin PBXNativeTarget section */
		EE8C2A072B0D787100B4EF65 /* Translate-SwiftUI */ = {
			isa = PBXNativeTarget;
			buildConfigurationList = EE8C2A322B0D787500B4EF65 /* Build configuration list for PBXNativeTarget "Translate-SwiftUI" */;
			buildPhases = (
				EE8C2A042B0D787100B4EF65 /* Sources */,
				EE8C2A052B0D787100B4EF65 /* Frameworks */,
				EE8C2A062B0D787100B4EF65 /* Resources */,
			);
			buildRules = (
			);
			dependencies = (
			);
			name = "Translate-SwiftUI";
			productName = "Translate-SwiftUI";
			productReference = EE8C2A082B0D787100B4EF65 /* Translate-SwiftUI.app */;
			productType = "com.apple.product-type.application";
		};
		EE8C2A1D2B0D787400B4EF65 /* Translate-SwiftUITests */ = {
			isa = PBXNativeTarget;
			buildConfigurationList = EE8C2A352B0D787500B4EF65 /* Build configuration list for PBXNativeTarget "Translate-SwiftUITests" */;
			buildPhases = (
				EE8C2A1A2B0D787400B4EF65 /* Sources */,
				EE8C2A1B2B0D787400B4EF65 /* Frameworks */,
				EE8C2A1C2B0D787400B4EF65 /* Resources */,
			);
			buildRules = (
			);
			dependencies = (
				EE8C2A202B0D787400B4EF65 /* PBXTargetDependency */,
			);
			name = "Translate-SwiftUITests";
			productName = "Translate-SwiftUITests";
			productReference = EE8C2A1E2B0D787400B4EF65 /* Translate-SwiftUITests.xctest */;
			productType = "com.apple.product-type.bundle.unit-test";
		};
		EE8C2A272B0D787400B4EF65 /* Translate-SwiftUIUITests */ = {
			isa = PBXNativeTarget;
			buildConfigurationList = EE8C2A382B0D787500B4EF65 /* Build configuration list for PBXNativeTarget "Translate-SwiftUIUITests" */;
			buildPhases = (
				EE8C2A242B0D787400B4EF65 /* Sources */,
				EE8C2A252B0D787400B4EF65 /* Frameworks */,
				EE8C2A262B0D787400B4EF65 /* Resources */,
			);
			buildRules = (
			);
			dependencies = (
				EE8C2A2A2B0D787500B4EF65 /* PBXTargetDependency */,
			);
			name = "Translate-SwiftUIUITests";
			productName = "Translate-SwiftUIUITests";
			productReference = EE8C2A282B0D787400B4EF65 /* Translate-SwiftUIUITests.xctest */;
			productType = "com.apple.product-type.bundle.ui-testing";
		};
/* End PBXNativeTarget section */

/* Begin PBXProject section */
		EE8C2A002B0D787100B4EF65 /* Project object */ = {
			isa = PBXProject;
			attributes = {
				BuildIndependentTargetsInParallel = 1;
				LastSwiftUpdateCheck = 1500;
				LastUpgradeCheck = 1500;
				TargetAttributes = {
					EE8C2A072B0D787100B4EF65 = {
						CreatedOnToolsVersion = 15.0.1;
					};
					EE8C2A1D2B0D787400B4EF65 = {
						CreatedOnToolsVersion = 15.0.1;
						TestTargetID = EE8C2A072B0D787100B4EF65;
					};
					EE8C2A272B0D787400B4EF65 = {
						CreatedOnToolsVersion = 15.0.1;
						TestTargetID = EE8C2A072B0D787100B4EF65;
					};
				};
			};
			buildConfigurationList = EE8C2A032B0D787100B4EF65 /* Build configuration list for PBXProject "Translate-SwiftUI" */;
			compatibilityVersion = "Xcode 14.0";
			developmentRegion = en;
			hasScannedForEncodings = 0;
			knownRegions = (
				en,
				Base,
			);
			mainGroup = EE8C29FF2B0D787100B4EF65;
			productRefGroup = EE8C2A092B0D787100B4EF65 /* Products */;
			projectDirPath = "";
			projectRoot = "";
			targets = (
				EE8C2A072B0D787100B4EF65 /* Translate-SwiftUI */,
				EE8C2A1D2B0D787400B4EF65 /* Translate-SwiftUITests */,
				EE8C2A272B0D787400B4EF65 /* Translate-SwiftUIUITests */,
			);
		};
/* End PBXProject section */

/* Begin PBXResourcesBuildPhase section */
		EE8C2A062B0D787100B4EF65 /* Resources */ = {
			isa = PBXResourcesBuildPhase;
			buildActionMask = 2147483647;
			files = (
				EE8C2A192B0D787400B4EF65 /* Preview Assets.xcassets in Resources */,
				EE8C2A152B0D787400B4EF65 /* Assets.xcassets in Resources */,
			);
			runOnlyForDeploymentPostprocessing = 0;
		};
		EE8C2A1C2B0D787400B4EF65 /* Resources */ = {
			isa = PBXResourcesBuildPhase;
			buildActionMask = 2147483647;
			files = (
			);
			runOnlyForDeploymentPostprocessing = 0;
		};
		EE8C2A262B0D787400B4EF65 /* Resources */ = {
			isa = PBXResourcesBuildPhase;
			buildActionMask = 2147483647;
			files = (
			);
			runOnlyForDeploymentPostprocessing = 0;
		};
/* End PBXResourcesBuildPhase section */

/* Begin PBXSourcesBuildPhase section */
		EE8C2A042B0D787100B4EF65 /* Sources */ = {
			isa = PBXSourcesBuildPhase;
			buildActionMask = 2147483647;
			files = (
				EE8C2A0C2B0D787100B4EF65 /* Translate_SwiftUIApp.swift in Sources */,
				EE8C2A3F2B0DA6B900B4EF65 /* SavedView.swift in Sources */,
				EE8C2A412B0EA99800B4EF65 /* LanguageListView.swift in Sources */,
				EE8C2A112B0D787100B4EF65 /* Translate_SwiftUI.xcdatamodeld in Sources */,
				EE8C2A472B0EB01300B4EF65 /* key.swift in Sources */,
				EE8C2A132B0D787100B4EF65 /* ContentView.swift in Sources */,
				EE8C2A0E2B0D787100B4EF65 /* Persistence.swift in Sources */,
				EE8C2A432B0EADC300B4EF65 /* ViewModel.swift in Sources */,
				EE8C2A452B0EAE2100B4EF65 /* Model.swift in Sources */,
			);
			runOnlyForDeploymentPostprocessing = 0;
		};
		EE8C2A1A2B0D787400B4EF65 /* Sources */ = {
			isa = PBXSourcesBuildPhase;
			buildActionMask = 2147483647;
			files = (
				EE8C2A232B0D787400B4EF65 /* Translate_SwiftUITests.swift in Sources */,
			);
			runOnlyForDeploymentPostprocessing = 0;
		};
		EE8C2A242B0D787400B4EF65 /* Sources */ = {
			isa = PBXSourcesBuildPhase;
			buildActionMask = 2147483647;
			files = (
				EE8C2A2D2B0D787500B4EF65 /* Translate_SwiftUIUITests.swift in Sources */,
				EE8C2A2F2B0D787500B4EF65 /* Translate_SwiftUIUITestsLaunchTests.swift in Sources */,
			);
			runOnlyForDeploymentPostprocessing = 0;
		};
/* End PBXSourcesBuildPhase section */

/* Begin PBXTargetDependency section */
		EE8C2A202B0D787400B4EF65 /* PBXTargetDependency */ = {
			isa = PBXTargetDependency;
			target = EE8C2A072B0D787100B4EF65 /* Translate-SwiftUI */;
			targetProxy = EE8C2A1F2B0D787400B4EF65 /* PBXContainerItemProxy */;
		};
		EE8C2A2A2B0D787500B4EF65 /* PBXTargetDependency */ = {
			isa = PBXTargetDependency;
			target = EE8C2A072B0D787100B4EF65 /* Translate-SwiftUI */;
			targetProxy = EE8C2A292B0D787500B4EF65 /* PBXContainerItemProxy */;
		};
/* End PBXTargetDependency section */

/* Begin XCBuildConfiguration section */
		EE8C2A302B0D787500B4EF65 /* Debug */ = {
			isa = XCBuildConfiguration;
			buildSettings = {
				ALWAYS_SEARCH_USER_PATHS = NO;
				ASSETCATALOG_COMPILER_GENERATE_SWIFT_ASSET_SYMBOL_EXTENSIONS = YES;
				CLANG_ANALYZER_NONNULL = YES;
				CLANG_ANALYZER_NUMBER_OBJECT_CONVERSION = YES_AGGRESSIVE;
				CLANG_CXX_LANGUAGE_STANDARD = "gnu++20";
				CLANG_ENABLE_MODULES = YES;
				CLANG_ENABLE_OBJC_ARC = YES;
				CLANG_ENABLE_OBJC_WEAK = YES;
				CLANG_WARN_BLOCK_CAPTURE_AUTORELEASING = YES;
				CLANG_WARN_BOOL_CONVERSION = YES;
				CLANG_WARN_COMMA = YES;
				CLANG_WARN_CONSTANT_CONVERSION = YES;
				CLANG_WARN_DEPRECATED_OBJC_IMPLEMENTATIONS = YES;
				CLANG_WARN_DIRECT_OBJC_ISA_USAGE = YES_ERROR;
				CLANG_WARN_DOCUMENTATION_COMMENTS = YES;
				CLANG_WARN_EMPTY_BODY = YES;
				CLANG_WARN_ENUM_CONVERSION = YES;
				CLANG_WARN_INFINITE_RECURSION = YES;
				CLANG_WARN_INT_CONVERSION = YES;
				CLANG_WARN_NON_LITERAL_NULL_CONVERSION = YES;
				CLANG_WARN_OBJC_IMPLICIT_RETAIN_SELF = YES;
				CLANG_WARN_OBJC_LITERAL_CONVERSION = YES;
				CLANG_WARN_OBJC_ROOT_CLASS = YES_ERROR;
				CLANG_WARN_QUOTED_INCLUDE_IN_FRAMEWORK_HEADER = YES;
				CLANG_WARN_RANGE_LOOP_ANALYSIS = YES;
				CLANG_WARN_STRICT_PROTOTYPES = YES;
				CLANG_WARN_SUSPICIOUS_MOVE = YES;
				CLANG_WARN_UNGUARDED_AVAILABILITY = YES_AGGRESSIVE;
				CLANG_WARN_UNREACHABLE_CODE = YES;
				CLANG_WARN__DUPLICATE_METHOD_MATCH = YES;
				COPY_PHASE_STRIP = NO;
				DEBUG_INFORMATION_FORMAT = dwarf;
				ENABLE_STRICT_OBJC_MSGSEND = YES;
				ENABLE_TESTABILITY = YES;
				ENABLE_USER_SCRIPT_SANDBOXING = YES;
				GCC_C_LANGUAGE_STANDARD = gnu17;
				GCC_DYNAMIC_NO_PIC = NO;
				GCC_NO_COMMON_BLOCKS = YES;
				GCC_OPTIMIZATION_LEVEL = 0;
				GCC_PREPROCESSOR_DEFINITIONS = (
					"DEBUG=1",
					"$(inherited)",
				);
				GCC_WARN_64_TO_32_BIT_CONVERSION = YES;
				GCC_WARN_ABOUT_RETURN_TYPE = YES_ERROR;
				GCC_WARN_UNDECLARED_SELECTOR = YES;
				GCC_WARN_UNINITIALIZED_AUTOS = YES_AGGRESSIVE;
				GCC_WARN_UNUSED_FUNCTION = YES;
				GCC_WARN_UNUSED_VARIABLE = YES;
				LOCALIZATION_PREFERS_STRING_CATALOGS = YES;
				MTL_ENABLE_DEBUG_INFO = INCLUDE_SOURCE;
				MTL_FAST_MATH = YES;
				ONLY_ACTIVE_ARCH = YES;
				SWIFT_ACTIVE_COMPILATION_CONDITIONS = "DEBUG $(inherited)";
				SWIFT_OPTIMIZATION_LEVEL = "-Onone";
			};
			name = Debug;
		};
		EE8C2A312B0D787500B4EF65 /* Release */ = {
			isa = XCBuildConfiguration;
			buildSettings = {
				ALWAYS_SEARCH_USER_PATHS = NO;
				ASSETCATALOG_COMPILER_GENERATE_SWIFT_ASSET_SYMBOL_EXTENSIONS = YES;
				CLANG_ANALYZER_NONNULL = YES;
				CLANG_ANALYZER_NUMBER_OBJECT_CONVERSION = YES_AGGRESSIVE;
				CLANG_CXX_LANGUAGE_STANDARD = "gnu++20";
				CLANG_ENABLE_MODULES = YES;
				CLANG_ENABLE_OBJC_ARC = YES;
				CLANG_ENABLE_OBJC_WEAK = YES;
				CLANG_WARN_BLOCK_CAPTURE_AUTORELEASING = YES;
				CLANG_WARN_BOOL_CONVERSION = YES;
				CLANG_WARN_COMMA = YES;
				CLANG_WARN_CONSTANT_CONVERSION = YES;
				CLANG_WARN_DEPRECATED_OBJC_IMPLEMENTATIONS = YES;
				CLANG_WARN_DIRECT_OBJC_ISA_USAGE = YES_ERROR;
				CLANG_WARN_DOCUMENTATION_COMMENTS = YES;
				CLANG_WARN_EMPTY_BODY = YES;
				CLANG_WARN_ENUM_CONVERSION = YES;
				CLANG_WARN_INFINITE_RECURSION = YES;
				CLANG_WARN_INT_CONVERSION = YES;
				CLANG_WARN_NON_LITERAL_NULL_CONVERSION = YES;
				CLANG_WARN_OBJC_IMPLICIT_RETAIN_SELF = YES;
				CLANG_WARN_OBJC_LITERAL_CONVERSION = YES;
				CLANG_WARN_OBJC_ROOT_CLASS = YES_ERROR;
				CLANG_WARN_QUOTED_INCLUDE_IN_FRAMEWORK_HEADER = YES;
				CLANG_WARN_RANGE_LOOP_ANALYSIS = YES;
				CLANG_WARN_STRICT_PROTOTYPES = YES;
				CLANG_WARN_SUSPICIOUS_MOVE = YES;
				CLANG_WARN_UNGUARDED_AVAILABILITY = YES_AGGRESSIVE;
				CLANG_WARN_UNREACHABLE_CODE = YES;
				CLANG_WARN__DUPLICATE_METHOD_MATCH = YES;
				COPY_PHASE_STRIP = NO;
				DEBUG_INFORMATION_FORMAT = "dwarf-with-dsym";
				ENABLE_NS_ASSERTIONS = NO;
				ENABLE_STRICT_OBJC_MSGSEND = YES;
				ENABLE_USER_SCRIPT_SANDBOXING = YES;
				GCC_C_LANGUAGE_STANDARD = gnu17;
				GCC_NO_COMMON_BLOCKS = YES;
				GCC_WARN_64_TO_32_BIT_CONVERSION = YES;
				GCC_WARN_ABOUT_RETURN_TYPE = YES_ERROR;
				GCC_WARN_UNDECLARED_SELECTOR = YES;
				GCC_WARN_UNINITIALIZED_AUTOS = YES_AGGRESSIVE;
				GCC_WARN_UNUSED_FUNCTION = YES;
				GCC_WARN_UNUSED_VARIABLE = YES;
				LOCALIZATION_PREFERS_STRING_CATALOGS = YES;
				MTL_ENABLE_DEBUG_INFO = NO;
				MTL_FAST_MATH = YES;
				SWIFT_COMPILATION_MODE = wholemodule;
			};
			name = Release;
		};
		EE8C2A332B0D787500B4EF65 /* Debug */ = {
			isa = XCBuildConfiguration;
			buildSettings = {
				ASSETCATALOG_COMPILER_APPICON_NAME = AppIcon;
				ASSETCATALOG_COMPILER_GLOBAL_ACCENT_COLOR_NAME = AccentColor;
				CODE_SIGN_ENTITLEMENTS = "Translate-SwiftUI/Translate_SwiftUI.entitlements";
				CODE_SIGN_STYLE = Automatic;
				CURRENT_PROJECT_VERSION = 1;
				DEVELOPMENT_ASSET_PATHS = "\"Translate-SwiftUI/Preview Content\"";
				DEVELOPMENT_TEAM = H8TYQ3J2FN;
				ENABLE_HARDENED_RUNTIME = YES;
				ENABLE_PREVIEWS = YES;
				GENERATE_INFOPLIST_FILE = YES;
				"INFOPLIST_KEY_UIApplicationSceneManifest_Generation[sdk=iphoneos*]" = YES;
				"INFOPLIST_KEY_UIApplicationSceneManifest_Generation[sdk=iphonesimulator*]" = YES;
				"INFOPLIST_KEY_UIApplicationSupportsIndirectInputEvents[sdk=iphoneos*]" = YES;
				"INFOPLIST_KEY_UIApplicationSupportsIndirectInputEvents[sdk=iphonesimulator*]" = YES;
				"INFOPLIST_KEY_UILaunchScreen_Generation[sdk=iphoneos*]" = YES;
				"INFOPLIST_KEY_UILaunchScreen_Generation[sdk=iphonesimulator*]" = YES;
				"INFOPLIST_KEY_UIStatusBarStyle[sdk=iphoneos*]" = UIStatusBarStyleDefault;
				"INFOPLIST_KEY_UIStatusBarStyle[sdk=iphonesimulator*]" = UIStatusBarStyleDefault;
				INFOPLIST_KEY_UISupportedInterfaceOrientations_iPad = "UIInterfaceOrientationPortrait UIInterfaceOrientationPortraitUpsideDown UIInterfaceOrientationLandscapeLeft UIInterfaceOrientationLandscapeRight";
				INFOPLIST_KEY_UISupportedInterfaceOrientations_iPhone = "UIInterfaceOrientationPortrait UIInterfaceOrientationLandscapeLeft UIInterfaceOrientationLandscapeRight";
				IPHONEOS_DEPLOYMENT_TARGET = 17.0;
				LD_RUNPATH_SEARCH_PATHS = "@executable_path/Frameworks";
				"LD_RUNPATH_SEARCH_PATHS[sdk=macosx*]" = "@executable_path/../Frameworks";
				MACOSX_DEPLOYMENT_TARGET = 14.0;
				MARKETING_VERSION = 1.0;
				PRODUCT_BUNDLE_IDENTIFIER = "com.scg.Translate-SwiftUI.Translate-SwiftUI";
				PRODUCT_NAME = "$(TARGET_NAME)";
				SDKROOT = auto;
				SUPPORTED_PLATFORMS = "iphoneos iphonesimulator macosx";
				SWIFT_EMIT_LOC_STRINGS = YES;
				SWIFT_VERSION = 5.0;
				TARGETED_DEVICE_FAMILY = "1,2";
			};
			name = Debug;
		};
		EE8C2A342B0D787500B4EF65 /* Release */ = {
			isa = XCBuildConfiguration;
			buildSettings = {
				ASSETCATALOG_COMPILER_APPICON_NAME = AppIcon;
				ASSETCATALOG_COMPILER_GLOBAL_ACCENT_COLOR_NAME = AccentColor;
				CODE_SIGN_ENTITLEMENTS = "Translate-SwiftUI/Translate_SwiftUI.entitlements";
				CODE_SIGN_STYLE = Automatic;
				CURRENT_PROJECT_VERSION = 1;
				DEVELOPMENT_ASSET_PATHS = "\"Translate-SwiftUI/Preview Content\"";
				DEVELOPMENT_TEAM = H8TYQ3J2FN;
				ENABLE_HARDENED_RUNTIME = YES;
				ENABLE_PREVIEWS = YES;
				GENERATE_INFOPLIST_FILE = YES;
				"INFOPLIST_KEY_UIApplicationSceneManifest_Generation[sdk=iphoneos*]" = YES;
				"INFOPLIST_KEY_UIApplicationSceneManifest_Generation[sdk=iphonesimulator*]" = YES;
				"INFOPLIST_KEY_UIApplicationSupportsIndirectInputEvents[sdk=iphoneos*]" = YES;
				"INFOPLIST_KEY_UIApplicationSupportsIndirectInputEvents[sdk=iphonesimulator*]" = YES;
				"INFOPLIST_KEY_UILaunchScreen_Generation[sdk=iphoneos*]" = YES;
				"INFOPLIST_KEY_UILaunchScreen_Generation[sdk=iphonesimulator*]" = YES;
				"INFOPLIST_KEY_UIStatusBarStyle[sdk=iphoneos*]" = UIStatusBarStyleDefault;
				"INFOPLIST_KEY_UIStatusBarStyle[sdk=iphonesimulator*]" = UIStatusBarStyleDefault;
				INFOPLIST_KEY_UISupportedInterfaceOrientations_iPad = "UIInterfaceOrientationPortrait UIInterfaceOrientationPortraitUpsideDown UIInterfaceOrientationLandscapeLeft UIInterfaceOrientationLandscapeRight";
				INFOPLIST_KEY_UISupportedInterfaceOrientations_iPhone = "UIInterfaceOrientationPortrait UIInterfaceOrientationLandscapeLeft UIInterfaceOrientationLandscapeRight";
				IPHONEOS_DEPLOYMENT_TARGET = 17.0;
				LD_RUNPATH_SEARCH_PATHS = "@executable_path/Frameworks";
				"LD_RUNPATH_SEARCH_PATHS[sdk=macosx*]" = "@executable_path/../Frameworks";
				MACOSX_DEPLOYMENT_TARGET = 14.0;
				MARKETING_VERSION = 1.0;
				PRODUCT_BUNDLE_IDENTIFIER = "com.scg.Translate-SwiftUI.Translate-SwiftUI";
				PRODUCT_NAME = "$(TARGET_NAME)";
				SDKROOT = auto;
				SUPPORTED_PLATFORMS = "iphoneos iphonesimulator macosx";
				SWIFT_EMIT_LOC_STRINGS = YES;
				SWIFT_VERSION = 5.0;
				TARGETED_DEVICE_FAMILY = "1,2";
			};
			name = Release;
		};
		EE8C2A362B0D787500B4EF65 /* Debug */ = {
			isa = XCBuildConfiguration;
			buildSettings = {
				ALWAYS_EMBED_SWIFT_STANDARD_LIBRARIES = YES;
				BUNDLE_LOADER = "$(TEST_HOST)";
				CODE_SIGN_STYLE = Automatic;
				CURRENT_PROJECT_VERSION = 1;
				DEVELOPMENT_TEAM = H8TYQ3J2FN;
				GENERATE_INFOPLIST_FILE = YES;
				IPHONEOS_DEPLOYMENT_TARGET = 17.0;
				MACOSX_DEPLOYMENT_TARGET = 14.0;
				MARKETING_VERSION = 1.0;
				PRODUCT_BUNDLE_IDENTIFIER = "com.scg.Translate-SwiftUI.Translate-SwiftUITests";
				PRODUCT_NAME = "$(TARGET_NAME)";
				SDKROOT = auto;
				SUPPORTED_PLATFORMS = "iphoneos iphonesimulator macosx";
				SWIFT_EMIT_LOC_STRINGS = NO;
				SWIFT_VERSION = 5.0;
				TARGETED_DEVICE_FAMILY = "1,2";
				TEST_HOST = "$(BUILT_PRODUCTS_DIR)/Translate-SwiftUI.app/$(BUNDLE_EXECUTABLE_FOLDER_PATH)/Translate-SwiftUI";
			};
			name = Debug;
		};
		EE8C2A372B0D787500B4EF65 /* Release */ = {
			isa = XCBuildConfiguration;
			buildSettings = {
				ALWAYS_EMBED_SWIFT_STANDARD_LIBRARIES = YES;
				BUNDLE_LOADER = "$(TEST_HOST)";
				CODE_SIGN_STYLE = Automatic;
				CURRENT_PROJECT_VERSION = 1;
				DEVELOPMENT_TEAM = H8TYQ3J2FN;
				GENERATE_INFOPLIST_FILE = YES;
				IPHONEOS_DEPLOYMENT_TARGET = 17.0;
				MACOSX_DEPLOYMENT_TARGET = 14.0;
				MARKETING_VERSION = 1.0;
				PRODUCT_BUNDLE_IDENTIFIER = "com.scg.Translate-SwiftUI.Translate-SwiftUITests";
				PRODUCT_NAME = "$(TARGET_NAME)";
				SDKROOT = auto;
				SUPPORTED_PLATFORMS = "iphoneos iphonesimulator macosx";
				SWIFT_EMIT_LOC_STRINGS = NO;
				SWIFT_VERSION = 5.0;
				TARGETED_DEVICE_FAMILY = "1,2";
				TEST_HOST = "$(BUILT_PRODUCTS_DIR)/Translate-SwiftUI.app/$(BUNDLE_EXECUTABLE_FOLDER_PATH)/Translate-SwiftUI";
			};
			name = Release;
		};
		EE8C2A392B0D787500B4EF65 /* Debug */ = {
			isa = XCBuildConfiguration;
			buildSettings = {
				ALWAYS_EMBED_SWIFT_STANDARD_LIBRARIES = YES;
				CODE_SIGN_STYLE = Automatic;
				CURRENT_PROJECT_VERSION = 1;
				DEVELOPMENT_TEAM = H8TYQ3J2FN;
				GENERATE_INFOPLIST_FILE = YES;
				IPHONEOS_DEPLOYMENT_TARGET = 17.0;
				MACOSX_DEPLOYMENT_TARGET = 14.0;
				MARKETING_VERSION = 1.0;
				PRODUCT_BUNDLE_IDENTIFIER = "com.scg.Translate-SwiftUI.Translate-SwiftUIUITests";
				PRODUCT_NAME = "$(TARGET_NAME)";
				SDKROOT = auto;
				SUPPORTED_PLATFORMS = "iphoneos iphonesimulator macosx";
				SWIFT_EMIT_LOC_STRINGS = NO;
				SWIFT_VERSION = 5.0;
				TARGETED_DEVICE_FAMILY = "1,2";
				TEST_TARGET_NAME = "Translate-SwiftUI";
			};
			name = Debug;
		};
		EE8C2A3A2B0D787500B4EF65 /* Release */ = {
			isa = XCBuildConfiguration;
			buildSettings = {
				ALWAYS_EMBED_SWIFT_STANDARD_LIBRARIES = YES;
				CODE_SIGN_STYLE = Automatic;
				CURRENT_PROJECT_VERSION = 1;
				DEVELOPMENT_TEAM = H8TYQ3J2FN;
				GENERATE_INFOPLIST_FILE = YES;
				IPHONEOS_DEPLOYMENT_TARGET = 17.0;
				MACOSX_DEPLOYMENT_TARGET = 14.0;
				MARKETING_VERSION = 1.0;
				PRODUCT_BUNDLE_IDENTIFIER = "com.scg.Translate-SwiftUI.Translate-SwiftUIUITests";
				PRODUCT_NAME = "$(TARGET_NAME)";
				SDKROOT = auto;
				SUPPORTED_PLATFORMS = "iphoneos iphonesimulator macosx";
				SWIFT_EMIT_LOC_STRINGS = NO;
				SWIFT_VERSION = 5.0;
				TARGETED_DEVICE_FAMILY = "1,2";
				TEST_TARGET_NAME = "Translate-SwiftUI";
			};
			name = Release;
		};
/* End XCBuildConfiguration section */

/* Begin XCConfigurationList section */
		EE8C2A032B0D787100B4EF65 /* Build configuration list for PBXProject "Translate-SwiftUI" */ = {
			isa = XCConfigurationList;
			buildConfigurations = (
				EE8C2A302B0D787500B4EF65 /* Debug */,
				EE8C2A312B0D787500B4EF65 /* Release */,
			);
			defaultConfigurationIsVisible = 0;
			defaultConfigurationName = Release;
		};
		EE8C2A322B0D787500B4EF65 /* Build configuration list for PBXNativeTarget "Translate-SwiftUI" */ = {
			isa = XCConfigurationList;
			buildConfigurations = (
				EE8C2A332B0D787500B4EF65 /* Debug */,
				EE8C2A342B0D787500B4EF65 /* Release */,
			);
			defaultConfigurationIsVisible = 0;
			defaultConfigurationName = Release;
		};
		EE8C2A352B0D787500B4EF65 /* Build configuration list for PBXNativeTarget "Translate-SwiftUITests" */ = {
			isa = XCConfigurationList;
			buildConfigurations = (
				EE8C2A362B0D787500B4EF65 /* Debug */,
				EE8C2A372B0D787500B4EF65 /* Release */,
			);
			defaultConfigurationIsVisible = 0;
			defaultConfigurationName = Release;
		};
		EE8C2A382B0D787500B4EF65 /* Build configuration list for PBXNativeTarget "Translate-SwiftUIUITests" */ = {
			isa = XCConfigurationList;
			buildConfigurations = (
				EE8C2A392B0D787500B4EF65 /* Debug */,
				EE8C2A3A2B0D787500B4EF65 /* Release */,
			);
			defaultConfigurationIsVisible = 0;
			defaultConfigurationName = Release;
		};
/* End XCConfigurationList section */

/* Begin XCVersionGroup section */
		EE8C2A0F2B0D787100B4EF65 /* Translate_SwiftUI.xcdatamodeld */ = {
			isa = XCVersionGroup;
			children = (
				EE8C2A102B0D787100B4EF65 /* Translate_SwiftUI.xcdatamodel */,
			);
			currentVersion = EE8C2A102B0D787100B4EF65 /* Translate_SwiftUI.xcdatamodel */;
			path = Translate_SwiftUI.xcdatamodeld;
			sourceTree = "<group>";
			versionGroupType = wrapper.xcdatamodel;
		};
/* End XCVersionGroup section */
	};
	rootObject = EE8C2A002B0D787100B4EF65 /* Project object */;
}
